
Microsoft Visual Studio Solution File, Format Version 12.00
# Visual Studio Version 16
VisualStudioVersion = 16.0.29020.237
MinimumVisualStudioVersion = 10.0.40219.1
Project("{9A19103F-16F7-4668-BE54-9A1E7A4F7556}") = "IslandClusteringAcceleration", "IslandClusteringAcceleration\IslandClusteringAcceleration.csproj", "{CF053BC8-B53C-4248-AA09-A25D5B29807A}"
EndProject
Project("{9A19103F-16F7-4668-BE54-9A1E7A4F7556}") = "IslandClusteringAcceleration.UnitTests", "IslandClusteringAcceleration.UnitTests\IslandClusteringAcceleration.UnitTests.csproj", "{ABE1B83B-8D71-4BAA-8E5D-FB53196EC2DE}"
EndProject
Project("{FAE04EC0-301F-11D3-BF4B-00C04F79EFBC}") = "IslandClusteringAcceleration.Benchmark", "IslandClusteringAcceleration.Benchmark\IslandClusteringAcceleration.Benchmark.csproj", "{DED2183F-430B-424A-93E6-A969E4BAEA10}"
EndProject
Global
	GlobalSection(SolutionConfigurationPlatforms) = preSolution
		Debug|Any CPU = Debug|Any CPU
		Release|Any CPU = Release|Any CPU
	EndGlobalSection
	GlobalSection(ProjectConfigurationPlatforms) = postSolution
		{CF053BC8-B53C-4248-AA09-A25D5B29807A}.Debug|Any CPU.ActiveCfg = Debug|Any CPU
		{CF053BC8-B53C-4248-AA09-A25D5B29807A}.Debug|Any CPU.Build.0 = Debug|Any CPU
		{CF053BC8-B53C-4248-AA09-A25D5B29807A}.Release|Any CPU.ActiveCfg = Release|Any CPU
		{CF053BC8-B53C-4248-AA09-A25D5B29807A}.Release|Any CPU.Build.0 = Release|Any CPU
		{ABE1B83B-8D71-4BAA-8E5D-FB53196EC2DE}.Debug|Any CPU.ActiveCfg = Debug|Any CPU
		{ABE1B83B-8D71-4BAA-8E5D-FB53196EC2DE}.Debug|Any CPU.Build.0 = Debug|Any CPU
		{ABE1B83B-8D71-4BAA-8E5D-FB53196EC2DE}.Release|Any CPU.ActiveCfg = Release|Any CPU
		{ABE1B83B-8D71-4BAA-8E5D-FB53196EC2DE}.Release|Any CPU.Build.0 = Release|Any CPU
		{DED2183F-430B-424A-93E6-A969E4BAEA10}.Debug|Any CPU.ActiveCfg = Debug|Any CPU
		{DED2183F-430B-424A-93E6-A969E4BAEA10}.Debug|Any CPU.Build.0 = Debug|Any CPU
		{DED2183F-430B-424A-93E6-A969E4BAEA10}.Release|Any CPU.ActiveCfg = Release|Any CPU
		{DED2183F-430B-424A-93E6-A969E4BAEA10}.Release|Any CPU.Build.0 = Release|Any CPU
	EndGlobalSection
	GlobalSection(SolutionProperties) = preSolution
		HideSolutionNode = FALSE
	EndGlobalSection
	GlobalSection(ExtensibilityGlobals) = postSolution
		SolutionGuid = {862D71A4-B6DE-4FFA-93E7-1BE32DBB5883}
	EndGlobalSection
EndGlobal
